
Microsoft Visual Studio Solution File, Format Version 12.00
# Visual Studio Version 17
VisualStudioVersion = 17.4.33213.308
MinimumVisualStudioVersion = 10.0.40219.1
Project("{2150E333-8FDC-42A3-9474-1A3956D46DE8}") = "Solution Items", "Solution Items", "{D5E95E7D-F058-4151-9ADA-75FDBA29BD41}"
	ProjectSection(SolutionItems) = preProject
		README.md = README.md
	EndProjectSection
EndProject
Project("{FAE04EC0-301F-11D3-BF4B-00C04F79EFBC}") = "LocalProject", "LocalProject\LocalProject.csproj", "{D873D320-2050-4922-99D1-5B4CB50589EA}"
EndProject
Project("{FAE04EC0-301F-11D3-BF4B-00C04F79EFBC}") = "ClassLibrary1", "SubTree-NetClassLibrary1\ClassLibrary1\ClassLibrary1.csproj", "{B4F6F4CD-7846-4D74-97DE-04A4A7A94C70}"
EndProject
Global
	GlobalSection(SolutionConfigurationPlatforms) = preSolution
		Debug|Any CPU = Debug|Any CPU
		Release|Any CPU = Release|Any CPU
	EndGlobalSection
	GlobalSection(ProjectConfigurationPlatforms) = postSolution
		{D873D320-2050-4922-99D1-5B4CB50589EA}.Debug|Any CPU.ActiveCfg = Debug|Any CPU
		{D873D320-2050-4922-99D1-5B4CB50589EA}.Debug|Any CPU.Build.0 = Debug|Any CPU
		{D873D320-2050-4922-99D1-5B4CB50589EA}.Release|Any CPU.ActiveCfg = Release|Any CPU
		{D873D320-2050-4922-99D1-5B4CB50589EA}.Release|Any CPU.Build.0 = Release|Any CPU
		{B4F6F4CD-7846-4D74-97DE-04A4A7A94C70}.Debug|Any CPU.ActiveCfg = Debug|Any CPU
		{B4F6F4CD-7846-4D74-97DE-04A4A7A94C70}.Debug|Any CPU.Build.0 = Debug|Any CPU
		{B4F6F4CD-7846-4D74-97DE-04A4A7A94C70}.Release|Any CPU.ActiveCfg = Release|Any CPU
		{B4F6F4CD-7846-4D74-97DE-04A4A7A94C70}.Release|Any CPU.Build.0 = Release|Any CPU
	EndGlobalSection
	GlobalSection(SolutionProperties) = preSolution
		HideSolutionNode = FALSE
	EndGlobalSection
	GlobalSection(ExtensibilityGlobals) = postSolution
		SolutionGuid = {E652714D-34CE-442C-BF31-2A1C7FBE1B98}
	EndGlobalSection
EndGlobal
