
Microsoft Visual Studio Solution File, Format Version 12.00
# Visual Studio Version 17
VisualStudioVersion = 17.4.33213.308
MinimumVisualStudioVersion = 10.0.40219.1
Project("{FAE04EC0-301F-11D3-BF4B-00C04F79EFBC}") = "ClassLibrary1", "ClassLibrary1\ClassLibrary1.csproj", "{B4F6F4CD-7846-4D74-97DE-04A4A7A94C70}"
EndProject
Global
	GlobalSection(SolutionConfigurationPlatforms) = preSolution
		Debug|Any CPU = Debug|Any CPU
		Release|Any CPU = Release|Any CPU
	EndGlobalSection
	GlobalSection(ProjectConfigurationPlatforms) = postSolution
		{B4F6F4CD-7846-4D74-97DE-04A4A7A94C70}.Debug|Any CPU.ActiveCfg = Debug|Any CPU
		{B4F6F4CD-7846-4D74-97DE-04A4A7A94C70}.Debug|Any CPU.Build.0 = Debug|Any CPU
		{B4F6F4CD-7846-4D74-97DE-04A4A7A94C70}.Release|Any CPU.ActiveCfg = Release|Any CPU
		{B4F6F4CD-7846-4D74-97DE-04A4A7A94C70}.Release|Any CPU.Build.0 = Release|Any CPU
	EndGlobalSection
	GlobalSection(SolutionProperties) = preSolution
		HideSolutionNode = FALSE
	EndGlobalSection
	GlobalSection(ExtensibilityGlobals) = postSolution
		SolutionGuid = {FF8B313C-DDDE-4442-A0C7-6B0C49C2E590}
	EndGlobalSection
EndGlobal
